# This file is automatically @generated by Wally.
# It is not intended for manual editing.
registry = "test"

[[package]]
name = "biel/shooter"
version = "0.1.0"
dependencies = [["bytenet", "howmanysmall/bytenet@0.4.7"], ["fusion", "elttob/fusion@0.3.0"], ["janitor", "howmanysmall/janitor@1.18.3"], ["profilestore", "vyon/profilestore@1.0.3"], ["replicaservice", "brittonfischer/replicaservice@0.1.0"], ["typed-promise", "howmanysmall/typed-promise@4.0.6"], ["ui-labs", "pepeeltoro41/ui-labs@2.4.2"]]

[[package]]
name = "brittonfischer/replicaservice"
version = "0.1.0"
dependencies = []

[[package]]
name = "elttob/fusion"
version = "0.3.0"
dependencies = []

[[package]]
name = "evaera/promise"
version = "4.0.0"
dependencies = []

[[package]]
name = "howmanysmall/bytenet"
version = "0.4.7"
dependencies = []

[[package]]
name = "howmanysmall/janitor"
version = "1.18.3"
dependencies = [["Promise", "howmanysmall/typed-promise@4.0.6"]]

[[package]]
name = "howmanysmall/typed-promise"
version = "4.0.6"
dependencies = [["Promise", "evaera/promise@4.0.0"]]

[[package]]
name = "pepeeltoro41/ui-labs"
version = "2.4.2"
dependencies = []

[[package]]
name = "vyon/profilestore"
version = "1.0.3"
dependencies = []
